Microsoft Visual Studio Solution File, Format Version 12.00
# Visual Studio 2012
Project("{FAE04EC0-301F-11D3-BF4B-00C04F79EFBC}") = "GodotParadiseHealthComponent", "GodotParadiseHealthComponent.csproj", "{730A71C6-C89E-4EA2-B74E-56180F0C27CC}"
EndProject
Global
	GlobalSection(SolutionConfigurationPlatforms) = preSolution
	Debug|Any CPU = Debug|Any CPU
	ExportDebug|Any CPU = ExportDebug|Any CPU
	ExportRelease|Any CPU = ExportRelease|Any CPU
	EndGlobalSection
	GlobalSection(ProjectConfigurationPlatforms) = postSolution
		{730A71C6-C89E-4EA2-B74E-56180F0C27CC}.Debug|Any CPU.ActiveCfg = Debug|Any CPU
		{730A71C6-C89E-4EA2-B74E-56180F0C27CC}.Debug|Any CPU.Build.0 = Debug|Any CPU
		{730A71C6-C89E-4EA2-B74E-56180F0C27CC}.ExportDebug|Any CPU.ActiveCfg = ExportDebug|Any CPU
		{730A71C6-C89E-4EA2-B74E-56180F0C27CC}.ExportDebug|Any CPU.Build.0 = ExportDebug|Any CPU
		{730A71C6-C89E-4EA2-B74E-56180F0C27CC}.ExportRelease|Any CPU.ActiveCfg = ExportRelease|Any CPU
		{730A71C6-C89E-4EA2-B74E-56180F0C27CC}.ExportRelease|Any CPU.Build.0 = ExportRelease|Any CPU
	EndGlobalSection
EndGlobal
